{
  "lockfileVersion": 1,
  "configVersion": 1,
  "workspaces": {
    "": {
      "name": "bekk",
      "dependencies": {
        "@crustjs/core": "0.0.16",
        "@crustjs/crust": "0.0.23",
        "@crustjs/plugins": "0.0.22",
        "@crustjs/store": "0.0.4",
        "@crustjs/validate": "0.0.15",
        "@opentui/core": "^0.2.9",
        "cli-spinners": "^3.4.0",
        "consola": "^3.4.2",
        "destr": "^2.0.5",
        "ofetch": "^1.5.1",
        "open": "^11.0.0",
        "pathe": "^2.0.3",
        "uqr": "^0.1.3",
        "zod": "4.4.3",
      },
      "devDependencies": {
        "@types/bun": "1.3.14",
        "bumpp": "11.1.0",
        "oxfmt": "^0.49.0",
        "oxlint": "^1.64.0",
        "taze": "^19.11.0",
        "typescript": "^6.0.3",
      },
    },
  },
  "packages": {
    "@antfu/ni": ["@antfu/ni@30.1.0", "", { "dependencies": { "fzf": "^0.5.2", "package-manager-detector": "^1.6.0", "tinyexec": "^1.0.4", "tinyglobby": "^0.2.15" }, "bin": { "ni": "bin/ni.mjs", "nci": "bin/nci.mjs", "nr": "bin/nr.mjs", "nup": "bin/nup.mjs", "nd": "bin/nd.mjs", "nlx": "bin/nlx.mjs", "na": "bin/na.mjs", "nun": "bin/nun.mjs" } }, "sha512-3VuAbPjgY52rQNn4wABaXMhBU2Oq91uy6L8nX49eJ35OLI68CyckGU+HZxcaHix4ymuGM2nFL1D6sLpgODK5xw=="],

    "@crustjs/core": ["@crustjs/core@0.0.16", "", { "peerDependencies": { "typescript": "^6.0.2" } }, "sha512-2yybZnmBjdNH9XisCtDAWUVuBQSobcrdvhVcW8O4GumCF1oM6FHsBVq+gsxOM5PemEqtdpEo78h0rzI7clVcAA=="],

    "@crustjs/crust": ["@crustjs/crust@0.0.23", "", { "optionalDependencies": { "@crustjs/crust-darwin-arm64": "0.0.23", "@crustjs/crust-darwin-x64": "0.0.23", "@crustjs/crust-linux-arm64": "0.0.23", "@crustjs/crust-linux-x64": "0.0.23", "@crustjs/crust-windows-arm64": "0.0.23", "@crustjs/crust-windows-x64": "0.0.23" }, "bin": { "crust": "bin/crust.js" } }, "sha512-mghonO4AhMQiNTendaj7qpkguCnp/77tnf1EbMwqSwvTZpAkApcjEwu5+USyky1TLOX9L+UBWA2p7Skz3NIRew=="],

    "@crustjs/crust-darwin-arm64": ["@crustjs/crust-darwin-arm64@0.0.23", "", { "os": "darwin", "cpu": "arm64", "bin": { "crust": "bin/crust-bun-darwin-arm64" } }, "sha512-vsrbtYf6TAURsJ4AzuS9g/CMBwoQ0yDgysuF+Z+8SPSUYfmV4W6MGUVO2rlL+/mhxgiK7Xoo7VxwlR/vDhfy4g=="],

    "@crustjs/crust-darwin-x64": ["@crustjs/crust-darwin-x64@0.0.23", "", { "os": "darwin", "cpu": "x64", "bin": { "crust": "bin/crust-bun-darwin-x64" } }, "sha512-MtDSg5NnpczB1l24H6wAeAhdjVbtHuWGLw2MNO2nm5XwylISoFRTAB4TlNd62nLuxrdXxPtLf5WpRJEU0ZY9SQ=="],

    "@crustjs/crust-linux-arm64": ["@crustjs/crust-linux-arm64@0.0.23", "", { "os": "linux", "cpu": "arm64", "bin": { "crust": "bin/crust-bun-linux-arm64" } }, "sha512-KOgeI+NUNS1xmua+AECsPZN+r2I+6EROnXYTV2iye1bFP0l4rumZMTH4RdX//75smwXqDX301IIPQgfUTLLcog=="],

    "@crustjs/crust-linux-x64": ["@crustjs/crust-linux-x64@0.0.23", "", { "os": "linux", "cpu": "x64", "bin": { "crust": "bin/crust-bun-linux-x64-baseline" } }, "sha512-E1SMop3+kFkPJXHB8g0IqBfz7IvZEyVLYbNhr0SB4mi/8xQPBmR4vfEfPA96kpXQsjgntHN/+sH4G33pc/D6YQ=="],

    "@crustjs/crust-windows-arm64": ["@crustjs/crust-windows-arm64@0.0.23", "", { "os": "win32", "cpu": "arm64", "bin": { "crust": "bin/crust-bun-windows-arm64.exe" } }, "sha512-KERE/UGL7Yn/0DXxO3ickAxkA1zDTmLF8bKQQ1s6f2vbfDjqsZL7bOfkl+B9K5+BSgmnU9j3LdIhpSmxov2cKA=="],

    "@crustjs/crust-windows-x64": ["@crustjs/crust-windows-x64@0.0.23", "", { "os": "win32", "cpu": "x64", "bin": { "crust": "bin/crust-bun-windows-x64-baseline.exe" } }, "sha512-zBl37qIt/MksZfoVKYFoK+CRo/WaDgtrCyIo+NrJxr7esfrrxwwE6y7GfhwRv13AzwsvyXNAwXtVo8Mdo7c61A=="],

    "@crustjs/plugins": ["@crustjs/plugins@0.0.22", "", { "dependencies": { "@crustjs/style": "0.1.0" }, "peerDependencies": { "@crustjs/core": "0.0.16", "typescript": "^6.0.3" } }, "sha512-aWgC1cvS9DeCT7Ynv/oahUZFdB7mQwVGVl37GMHU76zENjI8lVj9d92jsHgBY+fdltAa9OWEte5vyLD13SlmEg=="],

    "@crustjs/store": ["@crustjs/store@0.0.4", "", { "peerDependencies": { "typescript": "^5" } }, "sha512-pfYuykVBH08HKBpycPcBZrk4CSQMVhccENDANbJoGXX86YjZk5urjzaJGeGXR1S4DVCt6hGC15aiRf6SEbpyag=="],

    "@crustjs/style": ["@crustjs/style@0.1.0", "", { "peerDependencies": { "typescript": "^6.0.3" } }, "sha512-nIg+YWiwnpNE8Va/B6LnuJcbsisBr/EpEcP/xaxtn/PsuMTHkKUkalR/OocLAwqzKl2IM2Y0m26lIwGoFJNaTg=="],

    "@crustjs/validate": ["@crustjs/validate@0.0.15", "", { "dependencies": { "@standard-schema/spec": "^1.1.0" }, "peerDependencies": { "@crustjs/core": "0.0.16", "effect": "^3.19.0", "typescript": "^6.0.2", "zod": "^4.0.0" }, "optionalPeers": ["effect", "zod"] }, "sha512-jlSv6OYcXUuvQT9KswzPW/KrhrIbGbYV2n0AR1MCT3Mlt2GjrXbkxZ8tjVNVCmNA7suoRxDF3V9nNvDk6V1CXQ=="],

    "@henrygd/queue": ["@henrygd/queue@1.2.0", "", {}, "sha512-jW/BLSTpcvExDhqJGxtIPgGr2O0IFF8XUNDwEbfCfhrXT8a4xztQ9Lv6U/vbYzYC0xVWn+3zv6YnLUh3bEFUKA=="],

    "@opentui/core": ["@opentui/core@0.2.9", "", { "dependencies": { "bun-ffi-structs": "0.2.2", "diff": "9.0.0", "marked": "17.0.1", "string-width": "7.2.0", "strip-ansi": "7.1.2", "yoga-layout": "3.2.1" }, "optionalDependencies": { "@opentui/core-darwin-arm64": "0.2.9", "@opentui/core-darwin-x64": "0.2.9", "@opentui/core-linux-arm64": "0.2.9", "@opentui/core-linux-x64": "0.2.9", "@opentui/core-win32-arm64": "0.2.9", "@opentui/core-win32-x64": "0.2.9" }, "peerDependencies": { "web-tree-sitter": "0.25.10" } }, "sha512-Kmeqi+yiDau+P45xDeX08GS50FK917qVwuPTN7HGxsQ9Byt7Iifq/6OMiSnFULBzoZtECdKLgQF1XwLsNm1wig=="],

    "@opentui/core-darwin-arm64": ["@opentui/core-darwin-arm64@0.2.9", "", { "os": "darwin", "cpu": "arm64" }, "sha512-D2ne8Xgyrg71L/9lF7vPh30Sxz6+3yAqpT0m87WiI+040J7sQEyK3YM/7w5JKuVemQ4H54HSPjofrUHjfibjoQ=="],

    "@opentui/core-darwin-x64": ["@opentui/core-darwin-x64@0.2.9", "", { "os": "darwin", "cpu": "x64" }, "sha512-Ymbbt/wN/vgB8g+kbHospJclVKHq6cdgfEYg9qgsSHp2vqMFBqlQQ692MS3BcZfX9jrKROK7NvC6Hj37X5K/7Q=="],

    "@opentui/core-linux-arm64": ["@opentui/core-linux-arm64@0.2.9", "", { "os": "linux", "cpu": "arm64" }, "sha512-0RIrVe4+42oELHtSJBaaYhngUeMKwSeqfdtKeSwEFwCzrqrNXxCpXQdOo8QvjOKGgng4Smn6O6KM8sgCj4SSPQ=="],

    "@opentui/core-linux-x64": ["@opentui/core-linux-x64@0.2.9", "", { "os": "linux", "cpu": "x64" }, "sha512-fjCZP1IOLWm68FYl2PRzFg1vfu226FPfiJsdNtLbhaYF2uEZOB/v1BQph21OKnB7GC7X8GQatvhM5sS3DQ2MSQ=="],

    "@opentui/core-win32-arm64": ["@opentui/core-win32-arm64@0.2.9", "", { "os": "win32", "cpu": "arm64" }, "sha512-u8SP3u2QEJqcGIULYZ7Lkht9ss7wcN4/LnMuqt9rPOiCduFn/VW4r8lQCftZ6DRSqyoP9mJ1xLzOSFl98UYyEw=="],

    "@opentui/core-win32-x64": ["@opentui/core-win32-x64@0.2.9", "", { "os": "win32", "cpu": "x64" }, "sha512-un7iSy9XHLwa6ouVpUj3eEGnXfPG50OMUJ2Dt30Jvn2vhNwIU2VO4RGx06l5OUD6GGVpHb0RqmG/384oo9i+HA=="],

    "@oxfmt/binding-android-arm-eabi": ["@oxfmt/binding-android-arm-eabi@0.49.0", "", { "os": "android", "cpu": "arm" }, "sha512-HbifJ84prIh9+55CTPAU35JdRQrwg47y16cGerCC+iejSKOuHXYo2WDql6l7cQlzrYVtc3f4UWY+dBj2lRmOeA=="],

    "@oxfmt/binding-android-arm64": ["@oxfmt/binding-android-arm64@0.49.0", "", { "os": "android", "cpu": "arm64" }, "sha512-Ef7SKJqAaH2d7E6eXZZa2OffIShbhFMxnGK0zd93p4qiyTJr75B0qf7lrPD+qQOwcf04BrjYJ0JUxq8d5+yZwg=="],

    "@oxfmt/binding-darwin-arm64": ["@oxfmt/binding-darwin-arm64@0.49.0", "", { "os": "darwin", "cpu": "arm64" }, "sha512-8x5DN9CsFfb432sHa9NyqX5XisGUdA53LPEGSdv/VniS+v4uEOR8Orv7A9QSB98Xxgp0t6r31DzQA/wpIobGqQ=="],

    "@oxfmt/binding-darwin-x64": ["@oxfmt/binding-darwin-x64@0.49.0", "", { "os": "darwin", "cpu": "x64" }, "sha512-e0+DSVzk4ewhMVKNYDaRTmP81jNMBWR1X9al0cVKWS+hDM/dElNqD5zjTOCuLOZc4oOdp2Gx2ldrVL+yYo9TZQ=="],

    "@oxfmt/binding-freebsd-x64": ["@oxfmt/binding-freebsd-x64@0.49.0", "", { "os": "freebsd", "cpu": "x64" }, "sha512-W+mjtYtrQvFbXT/uNT+221OBhGRZ8UqNsLxjTWsjZ4GsQnRdvRC/N2NCK86BcamWr7lsTxwpwN3PULnr78sgcQ=="],

    "@oxfmt/binding-linux-arm-gnueabihf": ["@oxfmt/binding-linux-arm-gnueabihf@0.49.0", "", { "os": "linux", "cpu": "arm" }, "sha512-Rtv6UevV7czDlLqil+NZUe4d8gs8jQo/zScSpumwyf7I+fSdLc+hc8AF3MQC7ymxSMMD9+vfiqQlsIf7wOAzXA=="],

    "@oxfmt/binding-linux-arm-musleabihf": ["@oxfmt/binding-linux-arm-musleabihf@0.49.0", "", { "os": "linux", "cpu": "arm" }, "sha512-sBi+8C/Q/MdKa5FL8ibAUCdhFBGFH7HFN/Qoyd5xQbZ/0ky3NMPpKfIBpaH0lhK2dXkGLczVQUoZ+xuNSerCdQ=="],

    "@oxfmt/binding-linux-arm64-gnu": ["@oxfmt/binding-linux-arm64-gnu@0.49.0", "", { "os": "linux", "cpu": "arm64" }, "sha512-JIfWenFhlzx+O8YygyZhoHFzTsdgDhxhbDRnE2iJLnnM5pWKScFvPECO2vOlA7JqJ/9S1g3uzEKuRCkHFwTjvA=="],

    "@oxfmt/binding-linux-arm64-musl": ["@oxfmt/binding-linux-arm64-musl@0.49.0", "", { "os": "linux", "cpu": "arm64" }, "sha512-iNzkMPG18jPkwBOZ4/HEjwqfzAjq4RrUQ0CgId/fC1ENvYD5jLVAaU/gWgpiqP1ys07kxSsSggDd1fp3E7mQHw=="],

    "@oxfmt/binding-linux-ppc64-gnu": ["@oxfmt/binding-linux-ppc64-gnu@0.49.0", "", { "os": "linux", "cpu": "ppc64" }, "sha512-BPHA/NN3LvoIXiid+iz3BHt5V0Rzx0tXAqRUovwE1NsbDaLG9e8mtv7evDGRIkVQacqTDBv0XL25THHsxSJosQ=="],

    "@oxfmt/binding-linux-riscv64-gnu": ["@oxfmt/binding-linux-riscv64-gnu@0.49.0", "", { "os": "linux", "cpu": "none" }, "sha512-3Eroshe+s69htC9JIL0+zLGQczLtRKezkMhwqQC21VC5Z/fuLvzLfbAOLgJLUq601H8gDYjy7deYycfOBjCvWg=="],

    "@oxfmt/binding-linux-riscv64-musl": ["@oxfmt/binding-linux-riscv64-musl@0.49.0", "", { "os": "linux", "cpu": "none" }, "sha512-fnaERGgsxGm0lKAmO72EYR4BA3qBnzBTJBTi6EtUMq1D4R7EexRBMU4voXnx4TXla3SEDl9x4uNp/18SbkPjGg=="],

    "@oxfmt/binding-linux-s390x-gnu": ["@oxfmt/binding-linux-s390x-gnu@0.49.0", "", { "os": "linux", "cpu": "s390x" }, "sha512-rBwasMl1Uul1MCCeTGEFKnOTL7VUxHf+634jWStrQAbzpBJgd5Yz5m4F7exVCsoI8PHn57dNjssXagXLCLB5yA=="],

    "@oxfmt/binding-linux-x64-gnu": ["@oxfmt/binding-linux-x64-gnu@0.49.0", "", { "os": "linux", "cpu": "x64" }, "sha512-BoC/F9xHe2y/deuBGA5Aw7bes07OD2gcL2wlpzTrfImR92vPP7S/k3LBTyspQZCNIVNdagkELcqKELwMLGIfAg=="],

    "@oxfmt/binding-linux-x64-musl": ["@oxfmt/binding-linux-x64-musl@0.49.0", "", { "os": "linux", "cpu": "x64" }, "sha512-umY6jFADAo/oztFKl8D/S6vSrG6oBpEskcentiRuz42kZVU2kfDXMWCYavxyZR2bwPjqkHpcHZ6EZFiH3Qj9ZA=="],

    "@oxfmt/binding-openharmony-arm64": ["@oxfmt/binding-openharmony-arm64@0.49.0", "", { "os": "none", "cpu": "arm64" }, "sha512-J85zQMiw2pXiGPK+OusmDvSnJ/dgpgN7VgmB2zOBtgS8F+nsOUfSg9ZEBrwbQscjZ7tkPbm38CG4VF5f53MsiA=="],

    "@oxfmt/binding-win32-arm64-msvc": ["@oxfmt/binding-win32-arm64-msvc@0.49.0", "", { "os": "win32", "cpu": "arm64" }, "sha512-38K67XR++CoFFORDd4sMFwUVAnD6msYBdGTei+qvKGrRPO6S2PbrYPNL/eQQ1RgnnxOegNba0YQwg6uRkNcw6A=="],

    "@oxfmt/binding-win32-ia32-msvc": ["@oxfmt/binding-win32-ia32-msvc@0.49.0", "", { "os": "win32", "cpu": "ia32" }, "sha512-rXVe0HICwQF0dBgbQtBCoYf8x/SidPIdhyQl+iPuJlV7suV+qDv7yUEB3wQ4qC3nOeNxz287SwFXKzyr0kWgEg=="],

    "@oxfmt/binding-win32-x64-msvc": ["@oxfmt/binding-win32-x64-msvc@0.49.0", "", { "os": "win32", "cpu": "x64" }, "sha512-gwWLwSEmBBfIK/Wh7GGd658161o4RKAvHWRaRQbJm571iQXGKfyr7UKsI1vsWvDlNLc30CxJDc8mMmCvJ/kczQ=="],

    "@oxlint/binding-android-arm-eabi": ["@oxlint/binding-android-arm-eabi@1.64.0", "", { "os": "android", "cpu": "arm" }, "sha512-2r6Nq3XXGLHEXKkSj8JtmJ6N4gDw431DPFOg0ZoJHlNjnG6HVMm/ksQ10m0HJ8WBvwgMe1L50UHPaYZutCRPCw=="],

    "@oxlint/binding-android-arm64": ["@oxlint/binding-android-arm64@1.64.0", "", { "os": "android", "cpu": "arm64" }, "sha512-ePJMpePgg7fBv+L/hVx1xXRU5/5gd5m0obLA6hPEfLXF3GjpR8idIDbY1dhQYhyz1ms2wdTccSboo6KEd2Oxtg=="],

    "@oxlint/binding-darwin-arm64": ["@oxlint/binding-darwin-arm64@1.64.0", "", { "os": "darwin", "cpu": "arm64" }, "sha512-U4DMLQd10gJLuoSTLSGbfv3bGjTlUNsScm9Dgb8wwBqmCzidf1pE1pXV4doGNxqwH3KtVng1AGTINA0NvkGLvQ=="],

    "@oxlint/binding-darwin-x64": ["@oxlint/binding-darwin-x64@1.64.0", "", { "os": "darwin", "cpu": "x64" }, "sha512-GoRIL48QWm4/TAvjN8pB1nAG+1/uqc9EdnWT9zqHeb6wsmjZtywj8VRe5aGW47Fdb64YtLOsdLqVxOvQuz98Wg=="],

    "@oxlint/binding-freebsd-x64": ["@oxlint/binding-freebsd-x64@1.64.0", "", { "os": "freebsd", "cpu": "x64" }, "sha512-5dFkv4tkg7PxJJGS9/OjrJwjhuHczrd3OQOkRE0wHcLM+ncUnULtzEPWjqGOxTXxZnLWcB91bGiIznx89TVXyQ=="],

    "@oxlint/binding-linux-arm-gnueabihf": ["@oxlint/binding-linux-arm-gnueabihf@1.64.0", "", { "os": "linux", "cpu": "arm" }, "sha512-jsBqMLl/uOL5+Kq/+BtK9FrmiNGUbx8SiyZXv+WlUxA45KuwcLu9BfiSIL3I3DBDgWM3yZizDITnTK9BcqNBQg=="],

    "@oxlint/binding-linux-arm-musleabihf": ["@oxlint/binding-linux-arm-musleabihf@1.64.0", "", { "os": "linux", "cpu": "arm" }, "sha512-1lrj8At/Uuc9GhjrVFBQo0NEjfBrTkzpmtHIGAhNnIXqn1CAyGL+qrztUsXb2GIluJrpl9Q7qRLJOb/NqydacQ=="],

    "@oxlint/binding-linux-arm64-gnu": ["@oxlint/binding-linux-arm64-gnu@1.64.0", "", { "os": "linux", "cpu": "arm64" }, "sha512-HpSQbubwh03mMhAdy2BYtad/fsY8vDFHDAb6bUwuCYg2VD3xCQgn6ArKcO0oZyLCheacKTv4PrF3Mfu5hgoE2g=="],

    "@oxlint/binding-linux-arm64-musl": ["@oxlint/binding-linux-arm64-musl@1.64.0", "", { "os": "linux", "cpu": "arm64" }, "sha512-00QQ0h0Y7u0G69BgiH3+ky2aaq/QvkDL6DYok8htIuJHxybiux5aQ8jwmg8qIk9wha6UagUP2BAwAzbemcJbpg=="],

    "@oxlint/binding-linux-ppc64-gnu": ["@oxlint/binding-linux-ppc64-gnu@1.64.0", "", { "os": "linux", "cpu": "ppc64" }, "sha512-2GaimTV6EMW+s5HS0An3oGbQme3BgHswvfVdGk3EB57Xe9+/gyT+Qd7lNVzb3rtir52vbIPzXfaYArzs5b5zcw=="],

    "@oxlint/binding-linux-riscv64-gnu": ["@oxlint/binding-linux-riscv64-gnu@1.64.0", "", { "os": "linux", "cpu": "none" }, "sha512-H46AtFb9wypjoVwGdlxrm0DsD809NGmtiK9HiyPKTxkSte2YjhC4S+00rOIrwCaxcyPiGid3Y3OMXp5KMAkGZw=="],

    "@oxlint/binding-linux-riscv64-musl": ["@oxlint/binding-linux-riscv64-musl@1.64.0", "", { "os": "linux", "cpu": "none" }, "sha512-HEgsidjjvvyzdg82icYkuFCf7REDV7B9JFwbIMbVwrKLBY0MrXX+bku3POn/hduZ2yW91IyVDUMq0Bf02KwXQw=="],

    "@oxlint/binding-linux-s390x-gnu": ["@oxlint/binding-linux-s390x-gnu@1.64.0", "", { "os": "linux", "cpu": "s390x" }, "sha512-Axvm8qryotmKN00P5w4JapaSjvP2LOSbdbBJiX+2SuHd3QzhW7TUc8skqgw+ahQZ5DmzEYeHCqauvW8f32Ns6Q=="],

    "@oxlint/binding-linux-x64-gnu": ["@oxlint/binding-linux-x64-gnu@1.64.0", "", { "os": "linux", "cpu": "x64" }, "sha512-cR60vSd7+m+KRZ3GQGfDxWwahW5RMXg0qlGvAluZr0fTUYvw0H9N9AXAF/M/PMqgytyqvVNmBAkJG9l7U30Y1g=="],

    "@oxlint/binding-linux-x64-musl": ["@oxlint/binding-linux-x64-musl@1.64.0", "", { "os": "linux", "cpu": "x64" }, "sha512-2u/aPZ9pEg7HnvZPDsHxUGNnrpr4qaHi+mCgLgpt+LYRzPrS4Px4wPfkIdRdr2GvKnaYyt+XSlto0Vm5sbStTg=="],

    "@oxlint/binding-openharmony-arm64": ["@oxlint/binding-openharmony-arm64@1.64.0", "", { "os": "none", "cpu": "arm64" }, "sha512-kfhkGfCdoXLSxEkrhDlJrvBYajGmq+ma4EMc53dsOWTq+rIBOlI0vTBmpZNnM5oH2LY/K/w1HAK+UQEgjgpVUg=="],

    "@oxlint/binding-win32-arm64-msvc": ["@oxlint/binding-win32-arm64-msvc@1.64.0", "", { "os": "win32", "cpu": "arm64" }, "sha512-r/cNKBFieONoVu2bb1KkVouq9W+edDUgHumXJGphCRRj+U0xaD4nanrw8ZOqo0IsutPkEM4vCcGBpak6x5aXMg=="],

    "@oxlint/binding-win32-ia32-msvc": ["@oxlint/binding-win32-ia32-msvc@1.64.0", "", { "os": "win32", "cpu": "ia32" }, "sha512-tUw0xUUwEFVZbpJoeCblkv8SJA4Xz3CdXCJbAnBsiNLyxDrk2tLcxEAS6M73Q7hHHDg3OtwI8vZVK3t5RJt4Gw=="],

    "@oxlint/binding-win32-x64-msvc": ["@oxlint/binding-win32-x64-msvc@1.64.0", "", { "os": "win32", "cpu": "x64" }, "sha512-9CBR+LO0JVST87fNTzzNxS5I29jIUO5gxT9i9+M3SDHHALElj9sY1Prf12tad3vIRC6OD7Ehtvvh+sn13vSwHw=="],

    "@quansync/fs": ["@quansync/fs@1.0.0", "", { "dependencies": { "quansync": "^1.0.0" } }, "sha512-4TJ3DFtlf1L5LDMaM6CanJ/0lckGNtJcMjQ1NAV6zDmA0tEHKZtxNKin8EgPaVX1YzljbxckyT2tJrpQKAtngQ=="],

    "@standard-schema/spec": ["@standard-schema/spec@1.1.0", "", {}, "sha512-l2aFy5jALhniG5HgqrD6jXLi/rUWrKvqN/qJx6yoJsgKhblVd+iqqU4RCXavm/jPityDo5TCvKMnpjKnOriy0w=="],

    "@types/bun": ["@types/bun@1.3.14", "", { "dependencies": { "bun-types": "1.3.14" } }, "sha512-h1hFqFVcvAvD9j9K7ZW7vd82aSA+rTdznZa+5bwvCwqSB1jmmfLcbIWhOLx1/+boy/xmjgCs/OMUL8hRJSmnPw=="],

    "@types/node": ["@types/node@25.7.0", "", { "dependencies": { "undici-types": "~7.21.0" } }, "sha512-z+pdZyxE+RTQE9AcboAZCb4otwcrvgHD+GlBpPgn0emDVt0ohrTMhAwlr2Wd9nZ+nihhYFxO2pThz3C5qSu2Eg=="],

    "ansi-regex": ["ansi-regex@6.2.2", "", {}, "sha512-Bq3SmSpyFHaWjPk8If9yc6svM8c56dB5BAtW4Qbw5jHTwwXXcTLoRMkpDJp6VL0XzlWaCHTXrkFURMYmD0sLqg=="],

    "args-tokenizer": ["args-tokenizer@0.3.0", "", {}, "sha512-xXAd7G2Mll5W8uo37GETpQ2VrE84M181Z7ugHFGQnJZ50M2mbOv0osSZ9VsSgPfJQ+LVG0prSi0th+ELMsno7Q=="],

    "bumpp": ["bumpp@11.1.0", "", { "dependencies": { "args-tokenizer": "^0.3.0", "cac": "^7.0.0", "jsonc-parser": "^3.3.1", "package-manager-detector": "^1.6.0", "semver": "^7.7.4", "tinyexec": "^1.1.2", "tinyglobby": "^0.2.16", "unconfig": "^7.5.0", "yaml": "^2.8.4" }, "bin": { "bumpp": "bin/bumpp.mjs" } }, "sha512-jdwOGMyX8JIqpQ0N2RMRR87DHZaoJnUtui5lU9LqFfFK5JC0H8qY9uWqXoa+dEWt/K7rOmmsoyiZB8RBM7RPBQ=="],

    "bun-ffi-structs": ["bun-ffi-structs@0.2.2", "", { "peerDependencies": { "typescript": "^5" } }, "sha512-N/ZWtyN0piZlrXQT7TO0V+q952orYqkfhXRXM1Hcbb+R3QSiBH4vLnib187Mrs1H7pWIYECAmPeapGYDOMCl+w=="],

    "bun-types": ["bun-types@1.3.14", "", { "dependencies": { "@types/node": "*" } }, "sha512-4N0ig0fEomHt5R0KCFWjovxow98rIoRwKolrYdCcknNwMekCXRnWEUvgu5soYV8QXtVsrUD8B95MBOZGPvr6KQ=="],

    "bundle-name": ["bundle-name@4.1.0", "", { "dependencies": { "run-applescript": "^7.0.0" } }, "sha512-tjwM5exMg6BGRI+kNmTntNsvdZS1X8BFYS6tnJ2hdH0kVxM6/eVZ2xy+FqStSWvYmtfFMDLIxurorHwDKfDz5Q=="],

    "cac": ["cac@7.0.0", "", {}, "sha512-tixWYgm5ZoOD+3g6UTea91eow5z6AAHaho3g0V9CNSNb45gM8SmflpAc+GRd1InC4AqN/07Unrgp56Y94N9hJQ=="],

    "cli-spinners": ["cli-spinners@3.4.0", "", {}, "sha512-bXfOC4QcT1tKXGorxL3wbJm6XJPDqEnij2gQ2m7ESQuE+/z9YFIWnl/5RpTiKWbMq3EVKR4fRLJGn6DVfu0mpw=="],

    "consola": ["consola@3.4.2", "", {}, "sha512-5IKcdX0nnYavi6G7TtOhwkYzyjfJlatbjMjuLSfE2kYT5pMDOilZ4OvMhi637CcDICTmz3wARPoyhqyX1Y+XvA=="],

    "default-browser": ["default-browser@5.5.0", "", { "dependencies": { "bundle-name": "^4.1.0", "default-browser-id": "^5.0.0" } }, "sha512-H9LMLr5zwIbSxrmvikGuI/5KGhZ8E2zH3stkMgM5LpOWDutGM2JZaj460Udnf1a+946zc7YBgrqEWwbk7zHvGw=="],

    "default-browser-id": ["default-browser-id@5.0.1", "", {}, "sha512-x1VCxdX4t+8wVfd1so/9w+vQ4vx7lKd2Qp5tDRutErwmR85OgmfX7RlLRMWafRMY7hbEiXIbudNrjOAPa/hL8Q=="],

    "define-lazy-prop": ["define-lazy-prop@3.0.0", "", {}, "sha512-N+MeXYoqr3pOgn8xfyRPREN7gHakLYjhsHhWGT3fWAiL4IkAt0iDw14QiiEm2bE30c5XX5q0FtAA3CK5f9/BUg=="],

    "defu": ["defu@6.1.7", "", {}, "sha512-7z22QmUWiQ/2d0KkdYmANbRUVABpZ9SNYyH5vx6PZ+nE5bcC0l7uFvEfHlyld/HcGBFTL536ClDt3DEcSlEJAQ=="],

    "destr": ["destr@2.0.5", "", {}, "sha512-ugFTXCtDZunbzasqBxrK93Ik/DRYsO6S/fedkWEMKqt04xZ4csmnmwGDBAb07QWNaGMAmnTIemsYZCksjATwsA=="],

    "diff": ["diff@9.0.0", "", {}, "sha512-svtcdpS8CgJyqAjEQIXdb3OjhFVVYjzGAPO8WGCmRbrml64SPw/jJD4GoE98aR7r25A0XcgrK3F02yw9R/vhQw=="],

    "emoji-regex": ["emoji-regex@10.6.0", "", {}, "sha512-toUI84YS5YmxW219erniWD0CIVOo46xGKColeNQRgOzDorgBi1v4D71/OFzgD9GO2UGKIv1C3Sp8DAn0+j5w7A=="],

    "fdir": ["fdir@6.5.0", "", { "peerDependencies": { "picomatch": "^3 || ^4" }, "optionalPeers": ["picomatch"] }, "sha512-tIbYtZbucOs0BRGqPJkshJUYdL+SDH7dVM8gjy+ERp3WAUjLEFJE+02kanyHtwjWOnwrKYBiwAmM0p4kLJAnXg=="],

    "find-up-simple": ["find-up-simple@1.0.1", "", {}, "sha512-afd4O7zpqHeRyg4PfDQsXmlDe2PfdHtJt6Akt8jOWaApLOZk5JXs6VMR29lz03pRe9mpykrRCYIYxaJYcfpncQ=="],

    "fzf": ["fzf@0.5.2", "", {}, "sha512-Tt4kuxLXFKHy8KT40zwsUPUkg1CrsgY25FxA2U/j/0WgEDCk3ddc/zLTCCcbSHX9FcKtLuVaDGtGE/STWC+j3Q=="],

    "get-east-asian-width": ["get-east-asian-width@1.6.0", "", {}, "sha512-QRbvDIbx6YklUe6RxeTeleMR0yv3cYH6PsPZHcnVn7xv7zO1BHN8r0XETu8n6Ye3Q+ahtSarc3WgtNWmehIBfA=="],

    "is-docker": ["is-docker@3.0.0", "", { "bin": { "is-docker": "cli.js" } }, "sha512-eljcgEDlEns/7AXFosB5K/2nCM4P7FQPkGc/DWLy5rmFEWvZayGrik1d9/QIY5nJ4f9YsVvBkA6kJpHn9rISdQ=="],

    "is-in-ssh": ["is-in-ssh@1.0.0", "", {}, "sha512-jYa6Q9rH90kR1vKB6NM7qqd1mge3Fx4Dhw5TVlK1MUBqhEOuCagrEHMevNuCcbECmXZ0ThXkRm+Ymr51HwEPAw=="],

    "is-inside-container": ["is-inside-container@1.0.0", "", { "dependencies": { "is-docker": "^3.0.0" }, "bin": { "is-inside-container": "cli.js" } }, "sha512-KIYLCCJghfHZxqjYBE7rEy0OBuTd5xCHS7tHVgvCLkx7StIoaxwNW3hCALgEUjFfeRk+MG/Qxmp/vtETEF3tRA=="],

    "is-wsl": ["is-wsl@3.1.1", "", { "dependencies": { "is-inside-container": "^1.0.0" } }, "sha512-e6rvdUCiQCAuumZslxRJWR/Doq4VpPR82kqclvcS0efgt430SlGIk05vdCN58+VrzgtIcfNODjozVielycD4Sw=="],

    "jiti": ["jiti@2.7.0", "", { "bin": { "jiti": "lib/jiti-cli.mjs" } }, "sha512-AC/7JofJvZGrrneWNaEnJeOLUx+JlGt7tNa0wZiRPT4MY1wmfKjt2+6O2p2uz2+skll8OZZmJMNqeke7kKbNgQ=="],

    "jsonc-parser": ["jsonc-parser@3.3.1", "", {}, "sha512-HUgH65KyejrUFPvHFPbqOY0rsFip3Bo5wb4ngvdi1EpCYWUQDC5V+Y7mZws+DLkr4M//zQJoanu1SP+87Dv1oQ=="],

    "marked": ["marked@17.0.1", "", { "bin": { "marked": "bin/marked.js" } }, "sha512-boeBdiS0ghpWcSwoNm/jJBwdpFaMnZWRzjA6SkUMYb40SVaN1x7mmfGKp0jvexGcx+7y2La5zRZsYFZI6Qpypg=="],

    "mimic-function": ["mimic-function@5.0.1", "", {}, "sha512-VP79XUPxV2CigYP3jWwAUFSku2aKqBH7uTAapFWCBqutsbmDo96KY5o8uh6U+/YSIn5OxJnXp73beVkpqMIGhA=="],

    "node-fetch-native": ["node-fetch-native@1.6.7", "", {}, "sha512-g9yhqoedzIUm0nTnTqAQvueMPVOuIY16bqgAJJC8XOOubYFNwz6IER9qs0Gq2Xd0+CecCKFjtdDTMA4u4xG06Q=="],

    "ofetch": ["ofetch@1.5.1", "", { "dependencies": { "destr": "^2.0.5", "node-fetch-native": "^1.6.7", "ufo": "^1.6.1" } }, "sha512-2W4oUZlVaqAPAil6FUg/difl6YhqhUR7x2eZY4bQCko22UXg3hptq9KLQdqFClV+Wu85UX7hNtdGTngi/1BxcA=="],

    "onetime": ["onetime@7.0.0", "", { "dependencies": { "mimic-function": "^5.0.0" } }, "sha512-VXJjc87FScF88uafS3JllDgvAm+c/Slfz06lorj2uAY34rlUu0Nt+v8wreiImcrgAjjIHp1rXpTDlLOGw29WwQ=="],

    "open": ["open@11.0.0", "", { "dependencies": { "default-browser": "^5.4.0", "define-lazy-prop": "^3.0.0", "is-in-ssh": "^1.0.0", "is-inside-container": "^1.0.0", "powershell-utils": "^0.1.0", "wsl-utils": "^0.3.0" } }, "sha512-smsWv2LzFjP03xmvFoJ331ss6h+jixfA4UUV/Bsiyuu4YJPfN+FIQGOIiv4w9/+MoHkfkJ22UIaQWRVFRfH6Vw=="],

    "oxfmt": ["oxfmt@0.49.0", "", { "dependencies": { "tinypool": "2.1.0" }, "optionalDependencies": { "@oxfmt/binding-android-arm-eabi": "0.49.0", "@oxfmt/binding-android-arm64": "0.49.0", "@oxfmt/binding-darwin-arm64": "0.49.0", "@oxfmt/binding-darwin-x64": "0.49.0", "@oxfmt/binding-freebsd-x64": "0.49.0", "@oxfmt/binding-linux-arm-gnueabihf": "0.49.0", "@oxfmt/binding-linux-arm-musleabihf": "0.49.0", "@oxfmt/binding-linux-arm64-gnu": "0.49.0", "@oxfmt/binding-linux-arm64-musl": "0.49.0", "@oxfmt/binding-linux-ppc64-gnu": "0.49.0", "@oxfmt/binding-linux-riscv64-gnu": "0.49.0", "@oxfmt/binding-linux-riscv64-musl": "0.49.0", "@oxfmt/binding-linux-s390x-gnu": "0.49.0", "@oxfmt/binding-linux-x64-gnu": "0.49.0", "@oxfmt/binding-linux-x64-musl": "0.49.0", "@oxfmt/binding-openharmony-arm64": "0.49.0", "@oxfmt/binding-win32-arm64-msvc": "0.49.0", "@oxfmt/binding-win32-ia32-msvc": "0.49.0", "@oxfmt/binding-win32-x64-msvc": "0.49.0" }, "peerDependencies": { "svelte": "^5.0.0" }, "optionalPeers": ["svelte"], "bin": { "oxfmt": "bin/oxfmt" } }, "sha512-IAHFMdlJSWe+oAr65dx22UvjCtV9DBMisAuLnKpDqMQrctzCkGnj3QRwNHm0d+uwSWPalsDF8ZYLz9rh6nH2IQ=="],

    "oxlint": ["oxlint@1.64.0", "", { "optionalDependencies": { "@oxlint/binding-android-arm-eabi": "1.64.0", "@oxlint/binding-android-arm64": "1.64.0", "@oxlint/binding-darwin-arm64": "1.64.0", "@oxlint/binding-darwin-x64": "1.64.0", "@oxlint/binding-freebsd-x64": "1.64.0", "@oxlint/binding-linux-arm-gnueabihf": "1.64.0", "@oxlint/binding-linux-arm-musleabihf": "1.64.0", "@oxlint/binding-linux-arm64-gnu": "1.64.0", "@oxlint/binding-linux-arm64-musl": "1.64.0", "@oxlint/binding-linux-ppc64-gnu": "1.64.0", "@oxlint/binding-linux-riscv64-gnu": "1.64.0", "@oxlint/binding-linux-riscv64-musl": "1.64.0", "@oxlint/binding-linux-s390x-gnu": "1.64.0", "@oxlint/binding-linux-x64-gnu": "1.64.0", "@oxlint/binding-linux-x64-musl": "1.64.0", "@oxlint/binding-openharmony-arm64": "1.64.0", "@oxlint/binding-win32-arm64-msvc": "1.64.0", "@oxlint/binding-win32-ia32-msvc": "1.64.0", "@oxlint/binding-win32-x64-msvc": "1.64.0" }, "peerDependencies": { "oxlint-tsgolint": ">=0.22.1" }, "optionalPeers": ["oxlint-tsgolint"], "bin": { "oxlint": "bin/oxlint" } }, "sha512-Star3SNpWPeWFPw7kRXIhXUSn6fdiAl25q15CQzH/9WaOtG6e9CWTc25vNZOCr4PE1yEP1GtKJKIKglhj3OmEQ=="],

    "package-manager-detector": ["package-manager-detector@1.6.0", "", {}, "sha512-61A5ThoTiDG/C8s8UMZwSorAGwMJ0ERVGj2OjoW5pAalsNOg15+iQiPzrLJ4jhZ1HJzmC2PIHT2oEiH3R5fzNA=="],

    "pathe": ["pathe@2.0.3", "", {}, "sha512-WUjGcAqP1gQacoQe+OBJsFA7Ld4DyXuUIjZ5cc75cLHvJ7dtNsTugphxIADwspS+AraAUePCKrSVtPLFj/F88w=="],

    "picomatch": ["picomatch@4.0.4", "", {}, "sha512-QP88BAKvMam/3NxH6vj2o21R6MjxZUAd6nlwAS/pnGvN9IVLocLHxGYIzFhg6fUQ+5th6P4dv4eW9jX3DSIj7A=="],

    "pnpm-workspace-yaml": ["pnpm-workspace-yaml@1.6.0", "", { "dependencies": { "yaml": "^2.8.2" } }, "sha512-uUy4dK3E11sp7nK+hnT7uAWfkBMe00KaUw8OG3NuNlYQoTk4sc9pcdIy1+XIP85v9Tvr02mK3JPaNNrP0QyRaw=="],

    "powershell-utils": ["powershell-utils@0.1.0", "", {}, "sha512-dM0jVuXJPsDN6DvRpea484tCUaMiXWjuCn++HGTqUWzGDjv5tZkEZldAJ/UMlqRYGFrD/etByo4/xOuC/snX2A=="],

    "quansync": ["quansync@1.0.0", "", {}, "sha512-5xZacEEufv3HSTPQuchrvV6soaiACMFnq1H8wkVioctoH3TRha9Sz66lOxRwPK/qZj7HPiSveih9yAyh98gvqA=="],

    "restore-cursor": ["restore-cursor@5.1.0", "", { "dependencies": { "onetime": "^7.0.0", "signal-exit": "^4.1.0" } }, "sha512-oMA2dcrw6u0YfxJQXm342bFKX/E4sG9rbTzO9ptUcR/e8A33cHuvStiYOwH7fszkZlZ1z/ta9AAoPk2F4qIOHA=="],

    "run-applescript": ["run-applescript@7.1.0", "", {}, "sha512-DPe5pVFaAsinSaV6QjQ6gdiedWDcRCbUuiQfQa2wmWV7+xC9bGulGI8+TdRmoFkAPaBXk8CrAbnlY2ISniJ47Q=="],

    "semver": ["semver@7.8.0", "", { "bin": { "semver": "bin/semver.js" } }, "sha512-AcM7dV/5ul4EekoQ29Agm5vri8JNqRyj39o0qpX6vDF2GZrtutZl5RwgD1XnZjiTAfncsJhMI48QQH3sN87YNA=="],

    "signal-exit": ["signal-exit@4.1.0", "", {}, "sha512-bzyZ1e88w9O1iNJbKnOlvYTrWPDl46O1bG0D3XInv+9tkPrxrN8jUUTiFlDkkmKWgn1M6CfIA13SuGqOa9Korw=="],

    "string-width": ["string-width@7.2.0", "", { "dependencies": { "emoji-regex": "^10.3.0", "get-east-asian-width": "^1.0.0", "strip-ansi": "^7.1.0" } }, "sha512-tsaTIkKW9b4N+AEj+SVA+WhJzV7/zMhcSu78mLKWSk7cXMOSHsBKFWUs0fWwq8QyK3MgJBQRX6Gbi4kYbdvGkQ=="],

    "strip-ansi": ["strip-ansi@7.1.2", "", { "dependencies": { "ansi-regex": "^6.0.1" } }, "sha512-gmBGslpoQJtgnMAvOVqGZpEz9dyoKTCzy2nfz/n8aIFhN/jCE/rCmcxabB6jOOHV+0WNnylOxaxBQPSvcWklhA=="],

    "taze": ["taze@19.11.0", "", { "dependencies": { "@antfu/ni": "^30.0.0", "@henrygd/queue": "^1.2.0", "cac": "^7.0.0", "find-up-simple": "^1.0.1", "ofetch": "^1.5.1", "package-manager-detector": "^1.6.0", "pathe": "^2.0.3", "pnpm-workspace-yaml": "^1.6.0", "restore-cursor": "^5.1.0", "tinyexec": "^1.0.4", "tinyglobby": "^0.2.15", "unconfig": "^7.5.0", "yaml": "^2.8.3" }, "bin": { "taze": "bin/taze.mjs" } }, "sha512-BlfH8Z6JdoIsrUptnz4P4YuEqdYsa/bSNNDOMhTlsHZ7Bbg1/0NyYh6uPkoRREjrt/kVovV+HYdi1ilHxvChfw=="],

    "tinyexec": ["tinyexec@1.1.2", "", {}, "sha512-dAqSqE/RabpBKI8+h26GfLq6Vb3JVXs30XYQjdMjaj/c2tS8IYYMbIzP599KtRj7c57/wYApb3QjgRgXmrCukA=="],

    "tinyglobby": ["tinyglobby@0.2.16", "", { "dependencies": { "fdir": "^6.5.0", "picomatch": "^4.0.4" } }, "sha512-pn99VhoACYR8nFHhxqix+uvsbXineAasWm5ojXoN8xEwK5Kd3/TrhNn1wByuD52UxWRLy8pu+kRMniEi6Eq9Zg=="],

    "tinypool": ["tinypool@2.1.0", "", {}, "sha512-Pugqs6M0m7Lv1I7FtxN4aoyToKg1C4tu+/381vH35y8oENM/Ai7f7C4StcoK4/+BSw9ebcS8jRiVrORFKCALLw=="],

    "typescript": ["typescript@6.0.3", "", { "bin": { "tsc": "bin/tsc", "tsserver": "bin/tsserver" } }, "sha512-y2TvuxSZPDyQakkFRPZHKFm+KKVqIisdg9/CZwm9ftvKXLP8NRWj38/ODjNbr43SsoXqNuAisEf1GdCxqWcdBw=="],

    "ufo": ["ufo@1.6.4", "", {}, "sha512-JFNbkD1Svwe0KvGi8GOeLcP4kAWQ609twvCdcHxq1oSL8svv39ZuSvajcD8B+5D0eL4+s1Is2D/O6KN3qcTeRA=="],

    "unconfig": ["unconfig@7.5.0", "", { "dependencies": { "@quansync/fs": "^1.0.0", "defu": "^6.1.4", "jiti": "^2.6.1", "quansync": "^1.0.0", "unconfig-core": "7.5.0" } }, "sha512-oi8Qy2JV4D3UQ0PsopR28CzdQ3S/5A1zwsUwp/rosSbfhJ5z7b90bIyTwi/F7hCLD4SGcZVjDzd4XoUQcEanvA=="],

    "unconfig-core": ["unconfig-core@7.5.0", "", { "dependencies": { "@quansync/fs": "^1.0.0", "quansync": "^1.0.0" } }, "sha512-Su3FauozOGP44ZmKdHy2oE6LPjk51M/TRRjHv2HNCWiDvfvCoxC2lno6jevMA91MYAdCdwP05QnWdWpSbncX/w=="],

    "undici-types": ["undici-types@7.21.0", "", {}, "sha512-w9IMgQrz4O0YN1LtB7K5P63vhlIOvC7opSmouCJ+ZywlPAlO9gIkJ+otk6LvGpAs2wg4econaCz3TvQ9xPoyuQ=="],

    "uqr": ["uqr@0.1.3", "", {}, "sha512-0rjE8iEJe4YmT9TOhwsZtqCMRLc5DXZUI2UEYUUg63ikBkqqE5EYWaI0etFe/5KUcmcYwLih2RND1kq+hrUJXA=="],

    "web-tree-sitter": ["web-tree-sitter@0.25.10", "", { "peerDependencies": { "@types/emscripten": "^1.40.0" }, "optionalPeers": ["@types/emscripten"] }, "sha512-Y09sF44/13XvgVKgO2cNDw5rGk6s26MgoZPXLESvMXeefBf7i6/73eFurre0IsTW6E14Y0ArIzhUMmjoc7xyzA=="],

    "wsl-utils": ["wsl-utils@0.3.1", "", { "dependencies": { "is-wsl": "^3.1.0", "powershell-utils": "^0.1.0" } }, "sha512-g/eziiSUNBSsdDJtCLB8bdYEUMj4jR7AGeUo96p/3dTafgjHhpF4RiCFPiRILwjQoDXx5MqkBr4fwWtR3Ky4Wg=="],

    "yaml": ["yaml@2.9.0", "", { "bin": { "yaml": "bin.mjs" } }, "sha512-2AvhNX3mb8zd6Zy7INTtSpl1F15HW6Wnqj0srWlkKLcpYl/gMIMJiyuGq2KeI2YFxUPjdlB+3Lc10seMLtL4cA=="],

    "yoga-layout": ["yoga-layout@3.2.1", "", {}, "sha512-0LPOt3AxKqMdFBZA3HBAt/t/8vIKq7VaQYbuA8WxCgung+p9TVyKRYdpvCb80HcdTN2NkbIKbhNwKUfm3tQywQ=="],

    "zod": ["zod@4.4.3", "", {}, "sha512-ytENFjIJFl2UwYglde2jchW2Hwm4GJFLDiSXWdTrJQBIN9Fcyp7n4DhxJEiWNAJMV1/BqWfW/kkg71UDcHJyTQ=="],
  }
}
